// !$*UTF8*$!
{
	archiveVersion = 1;
	classes = {
	};
	objectVersion = 46;
	objects = {

/* Begin PBXBuildFile section */
		DA4867341BD959EB00495108 /* main.m in Sources */ = {isa = PBXBuildFile; fileRef = DA4867331BD959EB00495108 /* main.m */; };
		DA48673C1BD95B1A00495108 /* Doctor.m in Sources */ = {isa = PBXBuildFile; fileRef = DA48673B1BD95B1A00495108 /* Doctor.m */; settings = {ASSET_TAGS = (); }; };
		DA48673F1BD95B2F00495108 /* Patient.m in Sources */ = {isa = PBXBuildFile; fileRef = DA48673E1BD95B2F00495108 /* Patient.m */; settings = {ASSET_TAGS = (); }; };
/* End PBXBuildFile section */

/* Begin PBXCopyFilesBuildPhase section */
		DA48672E1BD959EB00495108 /* CopyFiles */ = {
			isa = PBXCopyFilesBuildPhase;
			buildActionMask = 2147483647;
			dstPath = /usr/share/man/man1/;
			dstSubfolderSpec = 0;
			files = (
			);
			runOnlyForDeploymentPostprocessing = 1;
		};
/* End PBXCopyFilesBuildPhase section */

/* Begin PBXFileReference section */
		DA4867301BD959EB00495108 /* PatientDoctor */ = {isa = PBXFileReference; explicitFileType = "compiled.mach-o.executable"; includeInIndex = 0; path = PatientDoctor; sourceTree = BUILT_PRODUCTS_DIR; };
		DA4867331BD959EB00495108 /* main.m */ = {isa = PBXFileReference; lastKnownFileType = sourcecode.c.objc; path = main.m; sourceTree = "<group>"; };
		DA48673A1BD95B1A00495108 /* Doctor.h */ = {isa = PBXFileReference; fileEncoding = 4; lastKnownFileType = sourcecode.c.h; path = Doctor.h; sourceTree = "<group>"; };
		DA48673B1BD95B1A00495108 /* Doctor.m */ = {isa = PBXFileReference; fileEncoding = 4; lastKnownFileType = sourcecode.c.objc; path = Doctor.m; sourceTree = "<group>"; };
		DA48673D1BD95B2F00495108 /* Patient.h */ = {isa = PBXFileReference; fileEncoding = 4; lastKnownFileType = sourcecode.c.h; path = Patient.h; sourceTree = "<group>"; };
		DA48673E1BD95B2F00495108 /* Patient.m */ = {isa = PBXFileReference; fileEncoding = 4; lastKnownFileType = sourcecode.c.objc; path = Patient.m; sourceTree = "<group>"; };
/* End PBXFileReference section */

/* Begin PBXFrameworksBuildPhase section */
		DA48672D1BD959EB00495108 /* Frameworks */ = {
			isa = PBXFrameworksBuildPhase;
			buildActionMask = 2147483647;
			files = (
			);
			runOnlyForDeploymentPostprocessing = 0;
		};
/* End PBXFrameworksBuildPhase section */

/* Begin PBXGroup section */
		DA4867271BD959EB00495108 = {
			isa = PBXGroup;
			children = (
				DA4867321BD959EB00495108 /* PatientDoctor */,
				DA4867311BD959EB00495108 /* Products */,
			);
			sourceTree = "<group>";
		};
		DA4867311BD959EB00495108 /* Products */ = {
			isa = PBXGroup;
			children = (
				DA4867301BD959EB00495108 /* PatientDoctor */,
			);
			name = Products;
			sourceTree = "<group>";
		};
		DA4867321BD959EB00495108 /* PatientDoctor */ = {
			isa = PBXGroup;
			children = (
				DA4867331BD959EB00495108 /* main.m */,
				DA48673A1BD95B1A00495108 /* Doctor.h */,
				DA48673B1BD95B1A00495108 /* Doctor.m */,
				DA48673D1BD95B2F00495108 /* Patient.h */,
				DA48673E1BD95B2F00495108 /* Patient.m */,
			);
			path = PatientDoctor;
			sourceTree = "<group>";
		};
/* End PBXGroup section */

/* Begin PBXNativeTarget section */
		DA48672F1BD959EB00495108 /* PatientDoctor */ = {
			isa = PBXNativeTarget;
			buildConfigurationList = DA4867371BD959EB00495108 /* Build configuration list for PBXNativeTarget "PatientDoctor" */;
			buildPhases = (
				DA48672C1BD959EB00495108 /* Sources */,
				DA48672D1BD959EB00495108 /* Frameworks */,
				DA48672E1BD959EB00495108 /* CopyFiles */,
			);
			buildRules = (
			);
			dependencies = (
			);
			name = PatientDoctor;
			productName = PatientDoctor;
			productReference = DA4867301BD959EB00495108 /* PatientDoctor */;
			productType = "com.apple.product-type.tool";
		};
/* End PBXNativeTarget section */

/* Begin PBXProject section */
		DA4867281BD959EB00495108 /* Project object */ = {
			isa = PBXProject;
			attributes = {
				LastUpgradeCheck = 0700;
				ORGANIZATIONNAME = Steele;
				TargetAttributes = {
					DA48672F1BD959EB00495108 = {
						CreatedOnToolsVersion = 7.0;
					};
				};
			};
			buildConfigurationList = DA48672B1BD959EB00495108 /* Build configuration list for PBXProject "PatientDoctor" */;
			compatibilityVersion = "Xcode 3.2";
			developmentRegion = English;
			hasScannedForEncodings = 0;
			knownRegions = (
				en,
			);
			mainGroup = DA4867271BD959EB00495108;
			productRefGroup = DA4867311BD959EB00495108 /* Products */;
			projectDirPath = "";
			projectRoot = "";
			targets = (
				DA48672F1BD959EB00495108 /* PatientDoctor */,
			);
		};
/* End PBXProject section */

/* Begin PBXSourcesBuildPhase section */
		DA48672C1BD959EB00495108 /* Sources */ = {
			isa = PBXSourcesBuildPhase;
			buildActionMask = 2147483647;
			files = (
				DA48673F1BD95B2F00495108 /* Patient.m in Sources */,
				DA48673C1BD95B1A00495108 /* Doctor.m in Sources */,
				DA4867341BD959EB00495108 /* main.m in Sources */,
			);
			runOnlyForDeploymentPostprocessing = 0;
		};
/* End PBXSourcesBuildPhase section */

/* Begin XCBuildConfiguration section */
		DA4867351BD959EB00495108 /* Debug */ = {
			isa = XCBuildConfiguration;
			buildSettings = {
				ALWAYS_SEARCH_USER_PATHS = NO;
				CLANG_CXX_LANGUAGE_STANDARD = "gnu++0x";
				CLANG_CXX_LIBRARY = "libc++";
				CLANG_ENABLE_MODULES = YES;
				CLANG_ENABLE_OBJC_ARC = YES;
				CLANG_WARN_BOOL_CONVERSION = YES;
				CLANG_WARN_CONSTANT_CONVERSION = YES;
				CLANG_WARN_DIRECT_OBJC_ISA_USAGE = YES_ERROR;
				CLANG_WARN_EMPTY_BODY = YES;
				CLANG_WARN_ENUM_CONVERSION = YES;
				CLANG_WARN_INT_CONVERSION = YES;
				CLANG_WARN_OBJC_ROOT_CLASS = YES_ERROR;
				CLANG_WARN_UNREACHABLE_CODE = YES;
				CLANG_WARN__DUPLICATE_METHOD_MATCH = YES;
				COPY_PHASE_STRIP = NO;
				DEBUG_INFORMATION_FORMAT = dwarf;
				ENABLE_STRICT_OBJC_MSGSEND = YES;
				ENABLE_TESTABILITY = YES;
				GCC_C_LANGUAGE_STANDARD = gnu99;
				GCC_DYNAMIC_NO_PIC = NO;
				GCC_NO_COMMON_BLOCKS = YES;
				GCC_OPTIMIZATION_LEVEL = 0;
				GCC_PREPROCESSOR_DEFINITIONS = (
					"DEBUG=1",
					"$(inherited)",
				);
				GCC_WARN_64_TO_32_BIT_CONVERSION = YES;
				GCC_WARN_ABOUT_RETURN_TYPE = YES_ERROR;
				GCC_WARN_UNDECLARED_SELECTOR = YES;
				GCC_WARN_UNINITIALIZED_AUTOS = YES_AGGRESSIVE;
				GCC_WARN_UNUSED_FUNCTION = YES;
				GCC_WARN_UNUSED_VARIABLE = YES;
				MACOSX_DEPLOYMENT_TARGET = 10.10;
				MTL_ENABLE_DEBUG_INFO = YES;
				ONLY_ACTIVE_ARCH = YES;
				SDKROOT = macosx;
			};
			name = Debug;
		};
		DA4867361BD959EB00495108 /* Release */ = {
			isa = XCBuildConfiguration;
			buildSettings = {
				ALWAYS_SEARCH_USER_PATHS = NO;
				CLANG_CXX_LANGUAGE_STANDARD = "gnu++0x";
				CLANG_CXX_LIBRARY = "libc++";
				CLANG_ENABLE_MODULES = YES;
				CLANG_ENABLE_OBJC_ARC = YES;
				CLANG_WARN_BOOL_CONVERSION = YES;
				CLANG_WARN_CONSTANT_CONVERSION = YES;
				CLANG_WARN_DIRECT_OBJC_ISA_USAGE = YES_ERROR;
				CLANG_WARN_EMPTY_BODY = YES;
				CLANG_WARN_ENUM_CONVERSION = YES;
				CLANG_WARN_INT_CONVERSION = YES;
				CLANG_WARN_OBJC_ROOT_CLASS = YES_ERROR;
				CLANG_WARN_UNREACHABLE_CODE = YES;
				CLANG_WARN__DUPLICATE_METHOD_MATCH = YES;
				COPY_PHASE_STRIP = NO;
				DEBUG_INFORMATION_FORMAT = "dwarf-with-dsym";
				ENABLE_NS_ASSERTIONS = NO;
				ENABLE_STRICT_OBJC_MSGSEND = YES;
				GCC_C_LANGUAGE_STANDARD = gnu99;
				GCC_NO_COMMON_BLOCKS = YES;
				GCC_WARN_64_TO_32_BIT_CONVERSION = YES;
				GCC_WARN_ABOUT_RETURN_TYPE = YES_ERROR;
				GCC_WARN_UNDECLARED_SELECTOR = YES;
				GCC_WARN_UNINITIALIZED_AUTOS = YES_AGGRESSIVE;
				GCC_WARN_UNUSED_FUNCTION = YES;
				GCC_WARN_UNUSED_VARIABLE = YES;
				MACOSX_DEPLOYMENT_TARGET = 10.10;
				MTL_ENABLE_DEBUG_INFO = NO;
				SDKROOT = macosx;
			};
			name = Release;
		};
		DA4867381BD959EB00495108 /* Debug */ = {
			isa = XCBuildConfiguration;
			buildSettings = {
				PRODUCT_NAME = "$(TARGET_NAME)";
			};
			name = Debug;
		};
		DA4867391BD959EB00495108 /* Release */ = {
			isa = XCBuildConfiguration;
			buildSettings = {
				PRODUCT_NAME = "$(TARGET_NAME)";
			};
			name = Release;
		};
/* End XCBuildConfiguration section */

/* Begin XCConfigurationList section */
		DA48672B1BD959EB00495108 /* Build configuration list for PBXProject "PatientDoctor" */ = {
			isa = XCConfigurationList;
			buildConfigurations = (
				DA4867351BD959EB00495108 /* Debug */,
				DA4867361BD959EB00495108 /* Release */,
			);
			defaultConfigurationIsVisible = 0;
			defaultConfigurationName = Release;
		};
		DA4867371BD959EB00495108 /* Build configuration list for PBXNativeTarget "PatientDoctor" */ = {
			isa = XCConfigurationList;
			buildConfigurations = (
				DA4867381BD959EB00495108 /* Debug */,
				DA4867391BD959EB00495108 /* Release */,
			);
			defaultConfigurationIsVisible = 0;
		};
/* End XCConfigurationList section */
	};
	rootObject = DA4867281BD959EB00495108 /* Project object */;
}
